
Microsoft Visual Studio Solution File, Format Version 12.00
# Visual Studio 15
VisualStudioVersion = 15.0.27004.2009
MinimumVisualStudioVersion = 10.0.40219.1
Project("{9A19103F-16F7-4668-BE54-9A1E7A4F7556}") = "Server", "Server\Server.csproj", "{4E1931F8-AE5D-4A9E-BA99-28ACB98092E1}"
EndProject
Project("{FAE04EC0-301F-11D3-BF4B-00C04F79EFBC}") = "SharedLibrary", "SharedLibrary\SharedLibrary.csproj", "{E5AD86A3-53F7-4C64-B9B6-A052E3D451B8}"
EndProject
Project("{9A19103F-16F7-4668-BE54-9A1E7A4F7556}") = "SharedLibrary-Tests", "SharedLibrary-Tests\SharedLibrary-Tests.csproj", "{341A4978-07D1-4DE6-9E82-BD45760A83BC}"
EndProject
Project("{2150E333-8FDC-42A3-9474-1A3956D46DE8}") = "Solution Items", "Solution Items", "{19C199A2-0DBD-4636-8570-154D0F7929AA}"
	ProjectSection(SolutionItems) = preProject
		Docs\Roadmap.md = Docs\Roadmap.md
	EndProjectSection
EndProject
Project("{9A19103F-16F7-4668-BE54-9A1E7A4F7556}") = "Server-Tests", "Server-Tests\Server-Tests.csproj", "{82CBBCF3-D6E8-4C23-9D39-3423DF83157B}"
EndProject
Project("{9A19103F-16F7-4668-BE54-9A1E7A4F7556}") = "Admin", "Admin\Admin.csproj", "{28994B35-D40A-4745-8CCA-BB8D5F083732}"
EndProject
Project("{FAE04EC0-301F-11D3-BF4B-00C04F79EFBC}") = "ServerSharedLibrary", "ServerSharedLibrary\ServerSharedLibrary.csproj", "{DBB627A5-8B51-4FCF-99BD-98A6C41E7387}"
EndProject
Global
	GlobalSection(SolutionConfigurationPlatforms) = preSolution
		Debug|Any CPU = Debug|Any CPU
		Release|Any CPU = Release|Any CPU
	EndGlobalSection
	GlobalSection(ProjectConfigurationPlatforms) = postSolution
		{4E1931F8-AE5D-4A9E-BA99-28ACB98092E1}.Debug|Any CPU.ActiveCfg = Debug|Any CPU
		{4E1931F8-AE5D-4A9E-BA99-28ACB98092E1}.Debug|Any CPU.Build.0 = Debug|Any CPU
		{4E1931F8-AE5D-4A9E-BA99-28ACB98092E1}.Release|Any CPU.ActiveCfg = Release|Any CPU
		{4E1931F8-AE5D-4A9E-BA99-28ACB98092E1}.Release|Any CPU.Build.0 = Release|Any CPU
		{E5AD86A3-53F7-4C64-B9B6-A052E3D451B8}.Debug|Any CPU.ActiveCfg = Debug|Any CPU
		{E5AD86A3-53F7-4C64-B9B6-A052E3D451B8}.Debug|Any CPU.Build.0 = Debug|Any CPU
		{E5AD86A3-53F7-4C64-B9B6-A052E3D451B8}.Release|Any CPU.ActiveCfg = Release|Any CPU
		{E5AD86A3-53F7-4C64-B9B6-A052E3D451B8}.Release|Any CPU.Build.0 = Release|Any CPU
		{341A4978-07D1-4DE6-9E82-BD45760A83BC}.Debug|Any CPU.ActiveCfg = Debug|Any CPU
		{341A4978-07D1-4DE6-9E82-BD45760A83BC}.Debug|Any CPU.Build.0 = Debug|Any CPU
		{341A4978-07D1-4DE6-9E82-BD45760A83BC}.Release|Any CPU.ActiveCfg = Release|Any CPU
		{341A4978-07D1-4DE6-9E82-BD45760A83BC}.Release|Any CPU.Build.0 = Release|Any CPU
		{82CBBCF3-D6E8-4C23-9D39-3423DF83157B}.Debug|Any CPU.ActiveCfg = Debug|Any CPU
		{82CBBCF3-D6E8-4C23-9D39-3423DF83157B}.Debug|Any CPU.Build.0 = Debug|Any CPU
		{82CBBCF3-D6E8-4C23-9D39-3423DF83157B}.Release|Any CPU.ActiveCfg = Release|Any CPU
		{82CBBCF3-D6E8-4C23-9D39-3423DF83157B}.Release|Any CPU.Build.0 = Release|Any CPU
		{28994B35-D40A-4745-8CCA-BB8D5F083732}.Debug|Any CPU.ActiveCfg = Debug|Any CPU
		{28994B35-D40A-4745-8CCA-BB8D5F083732}.Debug|Any CPU.Build.0 = Debug|Any CPU
		{28994B35-D40A-4745-8CCA-BB8D5F083732}.Release|Any CPU.ActiveCfg = Release|Any CPU
		{28994B35-D40A-4745-8CCA-BB8D5F083732}.Release|Any CPU.Build.0 = Release|Any CPU
		{DBB627A5-8B51-4FCF-99BD-98A6C41E7387}.Debug|Any CPU.ActiveCfg = Debug|Any CPU
		{DBB627A5-8B51-4FCF-99BD-98A6C41E7387}.Debug|Any CPU.Build.0 = Debug|Any CPU
		{DBB627A5-8B51-4FCF-99BD-98A6C41E7387}.Release|Any CPU.ActiveCfg = Release|Any CPU
		{DBB627A5-8B51-4FCF-99BD-98A6C41E7387}.Release|Any CPU.Build.0 = Release|Any CPU
	EndGlobalSection
	GlobalSection(SolutionProperties) = preSolution
		HideSolutionNode = FALSE
	EndGlobalSection
	GlobalSection(ExtensibilityGlobals) = postSolution
		SolutionGuid = {33AF24A7-F3FA-4943-9257-DCA4B3FE9133}
	EndGlobalSection
EndGlobal
